
Microsoft Visual Studio Solution File, Format Version 12.00
# Visual Studio 15
VisualStudioVersion = 15.0.27004.2002
MinimumVisualStudioVersion = 10.0.40219.1
Project("{FAE04EC0-301F-11D3-BF4B-00C04F79EFBC}") = "Tests", "Tests\Tests.csproj", "{021DB6EA-3E0B-46F8-89FB-F6D88D7EABED}"
EndProject
Project("{FAE04EC0-301F-11D3-BF4B-00C04F79EFBC}") = "RockPaperScissors", "RockPaperScissors\RockPaperScissors.csproj", "{E5C4682A-7007-48A3-85C5-0A1523106F6A}"
EndProject
Project("{2150E333-8FDC-42A3-9474-1A3956D46DE8}") = "Solution Items", "Solution Items", "{F5434E22-BFC3-406F-BFC3-AC942D47A1D6}"
	ProjectSection(SolutionItems) = preProject
		README.md = README.md
	EndProjectSection
EndProject
Global
	GlobalSection(SolutionConfigurationPlatforms) = preSolution
		Debug|Any CPU = Debug|Any CPU
		Release|Any CPU = Release|Any CPU
	EndGlobalSection
	GlobalSection(ProjectConfigurationPlatforms) = postSolution
		{021DB6EA-3E0B-46F8-89FB-F6D88D7EABED}.Debug|Any CPU.ActiveCfg = Debug|Any CPU
		{021DB6EA-3E0B-46F8-89FB-F6D88D7EABED}.Debug|Any CPU.Build.0 = Debug|Any CPU
		{021DB6EA-3E0B-46F8-89FB-F6D88D7EABED}.Release|Any CPU.ActiveCfg = Release|Any CPU
		{021DB6EA-3E0B-46F8-89FB-F6D88D7EABED}.Release|Any CPU.Build.0 = Release|Any CPU
		{E5C4682A-7007-48A3-85C5-0A1523106F6A}.Debug|Any CPU.ActiveCfg = Debug|Any CPU
		{E5C4682A-7007-48A3-85C5-0A1523106F6A}.Debug|Any CPU.Build.0 = Debug|Any CPU
		{E5C4682A-7007-48A3-85C5-0A1523106F6A}.Release|Any CPU.ActiveCfg = Release|Any CPU
		{E5C4682A-7007-48A3-85C5-0A1523106F6A}.Release|Any CPU.Build.0 = Release|Any CPU
	EndGlobalSection
	GlobalSection(SolutionProperties) = preSolution
		HideSolutionNode = FALSE
	EndGlobalSection
	GlobalSection(ExtensibilityGlobals) = postSolution
		SolutionGuid = {D49CEAF1-E6C7-4B6A-84A0-B7ED3F00E90C}
	EndGlobalSection
EndGlobal
