
Microsoft Visual Studio Solution File, Format Version 12.00
# Visual Studio 15
VisualStudioVersion = 15.0.27004.2002
MinimumVisualStudioVersion = 10.0.40219.1
Project("{FAE04EC0-301F-11D3-BF4B-00C04F79EFBC}") = "Spectrix", "Spectrix\Spectrix.csproj", "{F857961F-E231-4ABD-9978-7912FFE643C9}"
EndProject
Global
	GlobalSection(SolutionConfigurationPlatforms) = preSolution
		Debug|Any CPU = Debug|Any CPU
		Release|Any CPU = Release|Any CPU
	EndGlobalSection
	GlobalSection(ProjectConfigurationPlatforms) = postSolution
		{F857961F-E231-4ABD-9978-7912FFE643C9}.Debug|Any CPU.ActiveCfg = Debug|Any CPU
		{F857961F-E231-4ABD-9978-7912FFE643C9}.Debug|Any CPU.Build.0 = Debug|Any CPU
		{F857961F-E231-4ABD-9978-7912FFE643C9}.Release|Any CPU.ActiveCfg = Release|Any CPU
		{F857961F-E231-4ABD-9978-7912FFE643C9}.Release|Any CPU.Build.0 = Release|Any CPU
	EndGlobalSection
	GlobalSection(SolutionProperties) = preSolution
		HideSolutionNode = FALSE
	EndGlobalSection
	GlobalSection(ExtensibilityGlobals) = postSolution
		SolutionGuid = {D49CEAF1-E6C7-4B6A-84A0-B7ED3F00E90C}
	EndGlobalSection
EndGlobal
